// !$*UTF8*$!
{
	archiveVersion = 1;
	classes = {
	};
	objectVersion = 50;
	objects = {

/* Begin PBXBuildFile section */
		FD20179E25CA49A40003CE1B /* GFEmptyStateView.swift in Sources */ = {isa = PBXBuildFile; fileRef = FD20179D25CA49A40003CE1B /* GFEmptyStateView.swift */; };
		FD2017A225CA71D70003CE1B /* UserInfoViewController.swift in Sources */ = {isa = PBXBuildFile; fileRef = FD2017A125CA71D70003CE1B /* UserInfoViewController.swift */; };
		FD2017A525CA9C130003CE1B /* GFUserInfoHeaderViewController.swift in Sources */ = {isa = PBXBuildFile; fileRef = FD2017A425CA9C130003CE1B /* GFUserInfoHeaderViewController.swift */; };
		FD2017A825CA9C730003CE1B /* GFSecondaryTitleLabel.swift in Sources */ = {isa = PBXBuildFile; fileRef = FD2017A725CA9C730003CE1B /* GFSecondaryTitleLabel.swift */; };
		FD2017AB25CAA9620003CE1B /* Constants.swift in Sources */ = {isa = PBXBuildFile; fileRef = FD2017AA25CAA9620003CE1B /* Constants.swift */; };
		FD2017AE25CD1FF10003CE1B /* GFItemInfoView.swift in Sources */ = {isa = PBXBuildFile; fileRef = FD2017AD25CD1FF10003CE1B /* GFItemInfoView.swift */; };
		FD6F7CB225D643340052E394 /* PersistanceManager.swift in Sources */ = {isa = PBXBuildFile; fileRef = FD6F7CB125D643340052E394 /* PersistanceManager.swift */; };
		FD6F7CB625DA0DD30052E394 /* FavoriteTableViewCell.swift in Sources */ = {isa = PBXBuildFile; fileRef = FD6F7CB525DA0DD30052E394 /* FavoriteTableViewCell.swift */; };
		FD7BD79D25C2A1FA005BEFCD /* UIViewController+Ext.swift in Sources */ = {isa = PBXBuildFile; fileRef = FD7BD79C25C2A1FA005BEFCD /* UIViewController+Ext.swift */; };
		FD7BD7A025C2ABE8005BEFCD /* GFAlertView.swift in Sources */ = {isa = PBXBuildFile; fileRef = FD7BD79F25C2ABE8005BEFCD /* GFAlertView.swift */; };
		FD7BD7B725C2D190005BEFCD /* User.swift in Sources */ = {isa = PBXBuildFile; fileRef = FD7BD7B625C2D190005BEFCD /* User.swift */; };
		FD7BD7BC25C2D1D3005BEFCD /* Follower.swift in Sources */ = {isa = PBXBuildFile; fileRef = FD7BD7BB25C2D1D3005BEFCD /* Follower.swift */; };
		FD7BD7C025C3D592005BEFCD /* NetworkManager.swift in Sources */ = {isa = PBXBuildFile; fileRef = FD7BD7BF25C3D592005BEFCD /* NetworkManager.swift */; };
		FD7BD7C425C401DA005BEFCD /* GFError.swift in Sources */ = {isa = PBXBuildFile; fileRef = FD7BD7C325C401DA005BEFCD /* GFError.swift */; };
		FD7BD7CA25C41D76005BEFCD /* FollowerCell.swift in Sources */ = {isa = PBXBuildFile; fileRef = FD7BD7C925C41D76005BEFCD /* FollowerCell.swift */; };
		FD7BD7CD25C41DEB005BEFCD /* GFAvatarImageView.swift in Sources */ = {isa = PBXBuildFile; fileRef = FD7BD7CC25C41DEB005BEFCD /* GFAvatarImageView.swift */; };
		FD86786625C10C3E00EC67F6 /* SearchViewController.swift in Sources */ = {isa = PBXBuildFile; fileRef = FD86786525C10C3E00EC67F6 /* SearchViewController.swift */; };
		FD86786925C10CC900EC67F6 /* FavoritesListViewController.swift in Sources */ = {isa = PBXBuildFile; fileRef = FD86786825C10CC900EC67F6 /* FavoritesListViewController.swift */; };
		FD8FC3AE25D4C2D600A249D3 /* Date+Ext.swift in Sources */ = {isa = PBXBuildFile; fileRef = FD8FC3AD25D4C2D600A249D3 /* Date+Ext.swift */; };
		FD8FC3B125D4C31600A249D3 /* String+Ext.swift in Sources */ = {isa = PBXBuildFile; fileRef = FD8FC3B025D4C31600A249D3 /* String+Ext.swift */; };
		FDAAAFD225D36A5F0073552F /* GFRepoItemViewController.swift in Sources */ = {isa = PBXBuildFile; fileRef = FDAAAFD125D36A5F0073552F /* GFRepoItemViewController.swift */; };
		FDAAAFD625D3873B0073552F /* GFFollowerItemViewController.swift in Sources */ = {isa = PBXBuildFile; fileRef = FDAAAFD525D3873B0073552F /* GFFollowerItemViewController.swift */; };
		FDAEBFEF25C80BA700F5C45A /* GFCollectionViewSection.swift in Sources */ = {isa = PBXBuildFile; fileRef = FDAEBFEE25C80BA700F5C45A /* GFCollectionViewSection.swift */; };
		FDAEBFF225C919E900F5C45A /* UIHelper.swift in Sources */ = {isa = PBXBuildFile; fileRef = FDAEBFF125C919E900F5C45A /* UIHelper.swift */; };
		FDD1549825C00D9700F45B07 /* AppDelegate.swift in Sources */ = {isa = PBXBuildFile; fileRef = FDD1549725C00D9700F45B07 /* AppDelegate.swift */; };
		FDD1549A25C00D9700F45B07 /* SceneDelegate.swift in Sources */ = {isa = PBXBuildFile; fileRef = FDD1549925C00D9700F45B07 /* SceneDelegate.swift */; };
		FDD154A125C00D9E00F45B07 /* Assets.xcassets in Resources */ = {isa = PBXBuildFile; fileRef = FDD154A025C00D9E00F45B07 /* Assets.xcassets */; };
		FDD154A425C00D9E00F45B07 /* LaunchScreen.storyboard in Resources */ = {isa = PBXBuildFile; fileRef = FDD154A225C00D9E00F45B07 /* LaunchScreen.storyboard */; };
		FDD3D25C25C26D1000E16A37 /* FollowerListViewController.swift in Sources */ = {isa = PBXBuildFile; fileRef = FDD3D25B25C26D1000E16A37 /* FollowerListViewController.swift */; };
		FDD3D25F25C278C000E16A37 /* GFTitleLabel.swift in Sources */ = {isa = PBXBuildFile; fileRef = FDD3D25E25C278BF00E16A37 /* GFTitleLabel.swift */; };
		FDD3D26225C27A6A00E16A37 /* GFBodyLabel.swift in Sources */ = {isa = PBXBuildFile; fileRef = FDD3D26125C27A6A00E16A37 /* GFBodyLabel.swift */; };
		FDD3D26725C28BEE00E16A37 /* GFAlertViewController.swift in Sources */ = {isa = PBXBuildFile; fileRef = FDD3D26625C28BEE00E16A37 /* GFAlertViewController.swift */; };
		FDDB9C2F25C1784C00BB9A0E /* GFButton.swift in Sources */ = {isa = PBXBuildFile; fileRef = FDDB9C2E25C1784C00BB9A0E /* GFButton.swift */; };
		FDDB9C3425C17DA000BB9A0E /* GFTextField.swift in Sources */ = {isa = PBXBuildFile; fileRef = FDDB9C3325C17DA000BB9A0E /* GFTextField.swift */; };
		FDE403A225D2354600826CFE /* GFItemInfoViewController.swift in Sources */ = {isa = PBXBuildFile; fileRef = FDE403A125D2354600826CFE /* GFItemInfoViewController.swift */; };
		FDECBB2B25DA6C3400B68FEB /* GFTabBarController.swift in Sources */ = {isa = PBXBuildFile; fileRef = FDECBB2A25DA6C3400B68FEB /* GFTabBarController.swift */; };
/* End PBXBuildFile section */

/* Begin PBXFileReference section */
		FD20179D25CA49A40003CE1B /* GFEmptyStateView.swift */ = {isa = PBXFileReference; lastKnownFileType = sourcecode.swift; path = GFEmptyStateView.swift; sourceTree = "<group>"; };
		FD2017A125CA71D70003CE1B /* UserInfoViewController.swift */ = {isa = PBXFileReference; lastKnownFileType = sourcecode.swift; path = UserInfoViewController.swift; sourceTree = "<group>"; };
		FD2017A425CA9C130003CE1B /* GFUserInfoHeaderViewController.swift */ = {isa = PBXFileReference; lastKnownFileType = sourcecode.swift; path = GFUserInfoHeaderViewController.swift; sourceTree = "<group>"; };
		FD2017A725CA9C730003CE1B /* GFSecondaryTitleLabel.swift */ = {isa = PBXFileReference; lastKnownFileType = sourcecode.swift; path = GFSecondaryTitleLabel.swift; sourceTree = "<group>"; };
		FD2017AA25CAA9620003CE1B /* Constants.swift */ = {isa = PBXFileReference; lastKnownFileType = sourcecode.swift; path = Constants.swift; sourceTree = "<group>"; };
		FD2017AD25CD1FF10003CE1B /* GFItemInfoView.swift */ = {isa = PBXFileReference; lastKnownFileType = sourcecode.swift; path = GFItemInfoView.swift; sourceTree = "<group>"; };
		FD6F7CB125D643340052E394 /* PersistanceManager.swift */ = {isa = PBXFileReference; lastKnownFileType = sourcecode.swift; path = PersistanceManager.swift; sourceTree = "<group>"; };
		FD6F7CB525DA0DD30052E394 /* FavoriteTableViewCell.swift */ = {isa = PBXFileReference; lastKnownFileType = sourcecode.swift; path = FavoriteTableViewCell.swift; sourceTree = "<group>"; };
		FD7BD79C25C2A1FA005BEFCD /* UIViewController+Ext.swift */ = {isa = PBXFileReference; lastKnownFileType = sourcecode.swift; path = "UIViewController+Ext.swift"; sourceTree = "<group>"; };
		FD7BD79F25C2ABE8005BEFCD /* GFAlertView.swift */ = {isa = PBXFileReference; lastKnownFileType = sourcecode.swift; path = GFAlertView.swift; sourceTree = "<group>"; };
		FD7BD7B625C2D190005BEFCD /* User.swift */ = {isa = PBXFileReference; lastKnownFileType = sourcecode.swift; name = User.swift; path = "/Users/arnaudderosin/Development/Mobile Apps/iOS/GithubFollowers/GithubFollowers/Models/User.swift"; sourceTree = "<absolute>"; };
		FD7BD7BB25C2D1D3005BEFCD /* Follower.swift */ = {isa = PBXFileReference; lastKnownFileType = sourcecode.swift; path = Follower.swift; sourceTree = "<group>"; };
		FD7BD7BF25C3D592005BEFCD /* NetworkManager.swift */ = {isa = PBXFileReference; lastKnownFileType = sourcecode.swift; path = NetworkManager.swift; sourceTree = "<group>"; };
		FD7BD7C325C401DA005BEFCD /* GFError.swift */ = {isa = PBXFileReference; lastKnownFileType = sourcecode.swift; path = GFError.swift; sourceTree = "<group>"; };
		FD7BD7C925C41D76005BEFCD /* FollowerCell.swift */ = {isa = PBXFileReference; lastKnownFileType = sourcecode.swift; path = FollowerCell.swift; sourceTree = "<group>"; };
		FD7BD7CC25C41DEB005BEFCD /* GFAvatarImageView.swift */ = {isa = PBXFileReference; lastKnownFileType = sourcecode.swift; path = GFAvatarImageView.swift; sourceTree = "<group>"; };
		FD86786525C10C3E00EC67F6 /* SearchViewController.swift */ = {isa = PBXFileReference; lastKnownFileType = sourcecode.swift; path = SearchViewController.swift; sourceTree = "<group>"; };
		FD86786825C10CC900EC67F6 /* FavoritesListViewController.swift */ = {isa = PBXFileReference; lastKnownFileType = sourcecode.swift; path = FavoritesListViewController.swift; sourceTree = "<group>"; };
		FD8FC3AD25D4C2D600A249D3 /* Date+Ext.swift */ = {isa = PBXFileReference; lastKnownFileType = sourcecode.swift; path = "Date+Ext.swift"; sourceTree = "<group>"; };
		FD8FC3B025D4C31600A249D3 /* String+Ext.swift */ = {isa = PBXFileReference; lastKnownFileType = sourcecode.swift; path = "String+Ext.swift"; sourceTree = "<group>"; };
		FDAAAFD125D36A5F0073552F /* GFRepoItemViewController.swift */ = {isa = PBXFileReference; lastKnownFileType = sourcecode.swift; path = GFRepoItemViewController.swift; sourceTree = "<group>"; };
		FDAAAFD525D3873B0073552F /* GFFollowerItemViewController.swift */ = {isa = PBXFileReference; lastKnownFileType = sourcecode.swift; path = GFFollowerItemViewController.swift; sourceTree = "<group>"; };
		FDAEBFEE25C80BA700F5C45A /* GFCollectionViewSection.swift */ = {isa = PBXFileReference; lastKnownFileType = sourcecode.swift; path = GFCollectionViewSection.swift; sourceTree = "<group>"; };
		FDAEBFF125C919E900F5C45A /* UIHelper.swift */ = {isa = PBXFileReference; lastKnownFileType = sourcecode.swift; path = UIHelper.swift; sourceTree = "<group>"; };
		FDD1549425C00D9700F45B07 /* GithubFollowers.app */ = {isa = PBXFileReference; explicitFileType = wrapper.application; includeInIndex = 0; path = GithubFollowers.app; sourceTree = BUILT_PRODUCTS_DIR; };
		FDD1549725C00D9700F45B07 /* AppDelegate.swift */ = {isa = PBXFileReference; lastKnownFileType = sourcecode.swift; path = AppDelegate.swift; sourceTree = "<group>"; };
		FDD1549925C00D9700F45B07 /* SceneDelegate.swift */ = {isa = PBXFileReference; lastKnownFileType = sourcecode.swift; path = SceneDelegate.swift; sourceTree = "<group>"; };
		FDD154A025C00D9E00F45B07 /* Assets.xcassets */ = {isa = PBXFileReference; lastKnownFileType = folder.assetcatalog; path = Assets.xcassets; sourceTree = "<group>"; };
		FDD154A325C00D9E00F45B07 /* Base */ = {isa = PBXFileReference; lastKnownFileType = file.storyboard; name = Base; path = Base.lproj/LaunchScreen.storyboard; sourceTree = "<group>"; };
		FDD154A525C00D9E00F45B07 /* Info.plist */ = {isa = PBXFileReference; lastKnownFileType = text.plist.xml; path = Info.plist; sourceTree = "<group>"; };
		FDD3D25B25C26D1000E16A37 /* FollowerListViewController.swift */ = {isa = PBXFileReference; lastKnownFileType = sourcecode.swift; path = FollowerListViewController.swift; sourceTree = "<group>"; };
		FDD3D25E25C278BF00E16A37 /* GFTitleLabel.swift */ = {isa = PBXFileReference; lastKnownFileType = sourcecode.swift; path = GFTitleLabel.swift; sourceTree = "<group>"; };
		FDD3D26125C27A6A00E16A37 /* GFBodyLabel.swift */ = {isa = PBXFileReference; lastKnownFileType = sourcecode.swift; path = GFBodyLabel.swift; sourceTree = "<group>"; };
		FDD3D26625C28BEE00E16A37 /* GFAlertViewController.swift */ = {isa = PBXFileReference; lastKnownFileType = sourcecode.swift; path = GFAlertViewController.swift; sourceTree = "<group>"; };
		FDDB9C2E25C1784C00BB9A0E /* GFButton.swift */ = {isa = PBXFileReference; lastKnownFileType = sourcecode.swift; path = GFButton.swift; sourceTree = "<group>"; };
		FDDB9C3325C17DA000BB9A0E /* GFTextField.swift */ = {isa = PBXFileReference; lastKnownFileType = sourcecode.swift; path = GFTextField.swift; sourceTree = "<group>"; };
		FDE403A125D2354600826CFE /* GFItemInfoViewController.swift */ = {isa = PBXFileReference; lastKnownFileType = sourcecode.swift; path = GFItemInfoViewController.swift; sourceTree = "<group>"; };
		FDECBB2A25DA6C3400B68FEB /* GFTabBarController.swift */ = {isa = PBXFileReference; lastKnownFileType = sourcecode.swift; path = GFTabBarController.swift; sourceTree = "<group>"; };
/* End PBXFileReference section */

/* Begin PBXFrameworksBuildPhase section */
		FDD1549125C00D9700F45B07 /* Frameworks */ = {
			isa = PBXFrameworksBuildPhase;
			buildActionMask = 2147483647;
			files = (
			);
			runOnlyForDeploymentPostprocessing = 0;
		};
/* End PBXFrameworksBuildPhase section */

/* Begin PBXGroup section */
		FD20179825CA49040003CE1B /* Views */ = {
			isa = PBXGroup;
			children = (
				FD7BD79F25C2ABE8005BEFCD /* GFAlertView.swift */,
				FD20179D25CA49A40003CE1B /* GFEmptyStateView.swift */,
				FD2017AD25CD1FF10003CE1B /* GFItemInfoView.swift */,
			);
			path = Views;
			sourceTree = "<group>";
		};
		FD20179925CA49090003CE1B /* Buttons */ = {
			isa = PBXGroup;
			children = (
				FDDB9C2E25C1784C00BB9A0E /* GFButton.swift */,
			);
			path = Buttons;
			sourceTree = "<group>";
		};
		FD20179A25CA490F0003CE1B /* TextFields */ = {
			isa = PBXGroup;
			children = (
				FDDB9C3325C17DA000BB9A0E /* GFTextField.swift */,
			);
			path = TextFields;
			sourceTree = "<group>";
		};
		FD20179B25CA49140003CE1B /* ImageViews */ = {
			isa = PBXGroup;
			children = (
				FD7BD7CC25C41DEB005BEFCD /* GFAvatarImageView.swift */,
			);
			path = ImageViews;
			sourceTree = "<group>";
		};
		FD20179C25CA49320003CE1B /* Labels */ = {
			isa = PBXGroup;
			children = (
				FDD3D25E25C278BF00E16A37 /* GFTitleLabel.swift */,
				FDD3D26125C27A6A00E16A37 /* GFBodyLabel.swift */,
				FD2017A725CA9C730003CE1B /* GFSecondaryTitleLabel.swift */,
			);
			path = Labels;
			sourceTree = "<group>";
		};
		FD7BD7A225C2B583005BEFCD /* ViewControllers */ = {
			isa = PBXGroup;
			children = (
				FDAAAFD825D3878C0073552F /* ItemInfoVCs */,
				FDD3D26625C28BEE00E16A37 /* GFAlertViewController.swift */,
				FD86786525C10C3E00EC67F6 /* SearchViewController.swift */,
				FD86786825C10CC900EC67F6 /* FavoritesListViewController.swift */,
				FDD3D25B25C26D1000E16A37 /* FollowerListViewController.swift */,
				FD2017A125CA71D70003CE1B /* UserInfoViewController.swift */,
				FD2017A425CA9C130003CE1B /* GFUserInfoHeaderViewController.swift */,
			);
			path = ViewControllers;
			sourceTree = "<group>";
		};
		FD7BD7A325C2B5EC005BEFCD /* Custom Views */ = {
			isa = PBXGroup;
			children = (
				FDECBB2925DA6C0F00B68FEB /* TabBarControllers */,
				FD20179C25CA49320003CE1B /* Labels */,
				FD20179B25CA49140003CE1B /* ImageViews */,
				FD20179A25CA490F0003CE1B /* TextFields */,
				FD20179925CA49090003CE1B /* Buttons */,
				FD20179825CA49040003CE1B /* Views */,
				FD7BD7C825C41D56005BEFCD /* Cells */,
			);
			path = "Custom Views";
			sourceTree = "<group>";
		};
		FD7BD7A425C2B61C005BEFCD /* Extensions */ = {
			isa = PBXGroup;
			children = (
				FD7BD79C25C2A1FA005BEFCD /* UIViewController+Ext.swift */,
				FD8FC3AD25D4C2D600A249D3 /* Date+Ext.swift */,
				FD8FC3B025D4C31600A249D3 /* String+Ext.swift */,
			);
			path = Extensions;
			sourceTree = "<group>";
		};
		FD7BD7A525C2B68A005BEFCD /* Utils */ = {
			isa = PBXGroup;
			children = (
				FD7BD7AD25C2BB1E005BEFCD /* Storyboard */,
				FDD154A025C00D9E00F45B07 /* Assets.xcassets */,
				FD7BD7C325C401DA005BEFCD /* GFError.swift */,
				FDAEBFEE25C80BA700F5C45A /* GFCollectionViewSection.swift */,
				FDAEBFF125C919E900F5C45A /* UIHelper.swift */,
				FD2017AA25CAA9620003CE1B /* Constants.swift */,
			);
			path = Utils;
			sourceTree = "<group>";
		};
		FD7BD7A825C2B97E005BEFCD /* Core */ = {
			isa = PBXGroup;
			children = (
				FD7BD7A925C2B987005BEFCD /* Delegates */,
				FD7BD7AA25C2B99C005BEFCD /* Plists */,
			);
			path = Core;
			sourceTree = "<group>";
		};
		FD7BD7A925C2B987005BEFCD /* Delegates */ = {
			isa = PBXGroup;
			children = (
				FDD1549725C00D9700F45B07 /* AppDelegate.swift */,
				FDD1549925C00D9700F45B07 /* SceneDelegate.swift */,
			);
			path = Delegates;
			sourceTree = "<group>";
		};
		FD7BD7AA25C2B99C005BEFCD /* Plists */ = {
			isa = PBXGroup;
			children = (
				FDD154A525C00D9E00F45B07 /* Info.plist */,
			);
			path = Plists;
			sourceTree = "<group>";
		};
		FD7BD7AD25C2BB1E005BEFCD /* Storyboard */ = {
			isa = PBXGroup;
			children = (
				FDD154A225C00D9E00F45B07 /* LaunchScreen.storyboard */,
			);
			path = Storyboard;
			sourceTree = "<group>";
		};
		FD7BD7AF25C2CF83005BEFCD /* Models */ = {
			isa = PBXGroup;
			children = (
				FD7BD7B625C2D190005BEFCD /* User.swift */,
				FD7BD7BB25C2D1D3005BEFCD /* Follower.swift */,
			);
			path = Models;
			sourceTree = "<group>";
		};
		FD7BD7BE25C3D57C005BEFCD /* Managers */ = {
			isa = PBXGroup;
			children = (
				FD7BD7BF25C3D592005BEFCD /* NetworkManager.swift */,
				FD6F7CB125D643340052E394 /* PersistanceManager.swift */,
			);
			path = Managers;
			sourceTree = "<group>";
		};
		FD7BD7C825C41D56005BEFCD /* Cells */ = {
			isa = PBXGroup;
			children = (
				FD7BD7C925C41D76005BEFCD /* FollowerCell.swift */,
				FD6F7CB525DA0DD30052E394 /* FavoriteTableViewCell.swift */,
			);
			path = Cells;
			sourceTree = "<group>";
		};
		FDAAAFD825D3878C0073552F /* ItemInfoVCs */ = {
			isa = PBXGroup;
			children = (
				FDE403A125D2354600826CFE /* GFItemInfoViewController.swift */,
				FDAAAFD125D36A5F0073552F /* GFRepoItemViewController.swift */,
				FDAAAFD525D3873B0073552F /* GFFollowerItemViewController.swift */,
			);
			path = ItemInfoVCs;
			sourceTree = "<group>";
		};
		FDD1548B25C00D9700F45B07 = {
			isa = PBXGroup;
			children = (
				FDD1549625C00D9700F45B07 /* GithubFollowers */,
				FDD1549525C00D9700F45B07 /* Products */,
			);
			sourceTree = "<group>";
		};
		FDD1549525C00D9700F45B07 /* Products */ = {
			isa = PBXGroup;
			children = (
				FDD1549425C00D9700F45B07 /* GithubFollowers.app */,
			);
			name = Products;
			sourceTree = "<group>";
		};
		FDD1549625C00D9700F45B07 /* GithubFollowers */ = {
			isa = PBXGroup;
			children = (
				FD7BD7BE25C3D57C005BEFCD /* Managers */,
				FD7BD7AF25C2CF83005BEFCD /* Models */,
				FD7BD7A825C2B97E005BEFCD /* Core */,
				FD7BD7A525C2B68A005BEFCD /* Utils */,
				FD7BD7A425C2B61C005BEFCD /* Extensions */,
				FD7BD7A325C2B5EC005BEFCD /* Custom Views */,
				FD7BD7A225C2B583005BEFCD /* ViewControllers */,
			);
			path = GithubFollowers;
			sourceTree = "<group>";
		};
		FDECBB2925DA6C0F00B68FEB /* TabBarControllers */ = {
			isa = PBXGroup;
			children = (
				FDECBB2A25DA6C3400B68FEB /* GFTabBarController.swift */,
			);
			path = TabBarControllers;
			sourceTree = "<group>";
		};
/* End PBXGroup section */

/* Begin PBXNativeTarget section */
		FDD1549325C00D9700F45B07 /* GithubFollowers */ = {
			isa = PBXNativeTarget;
			buildConfigurationList = FDD154A825C00D9E00F45B07 /* Build configuration list for PBXNativeTarget "GithubFollowers" */;
			buildPhases = (
				FDD1549025C00D9700F45B07 /* Sources */,
				FDD1549125C00D9700F45B07 /* Frameworks */,
				FDD1549225C00D9700F45B07 /* Resources */,
			);
			buildRules = (
			);
			dependencies = (
			);
			name = GithubFollowers;
			productName = GithubFollowers;
			productReference = FDD1549425C00D9700F45B07 /* GithubFollowers.app */;
			productType = "com.apple.product-type.application";
		};
/* End PBXNativeTarget section */

/* Begin PBXProject section */
		FDD1548C25C00D9700F45B07 /* Project object */ = {
			isa = PBXProject;
			attributes = {
				LastSwiftUpdateCheck = 1230;
				LastUpgradeCheck = 1230;
				ORGANIZATIONNAME = "Arnaud Derosin";
				TargetAttributes = {
					FDD1549325C00D9700F45B07 = {
						CreatedOnToolsVersion = 12.3;
					};
				};
			};
			buildConfigurationList = FDD1548F25C00D9700F45B07 /* Build configuration list for PBXProject "GithubFollowers" */;
			compatibilityVersion = "Xcode 9.3";
			developmentRegion = en;
			hasScannedForEncodings = 0;
			knownRegions = (
				en,
				Base,
			);
			mainGroup = FDD1548B25C00D9700F45B07;
			productRefGroup = FDD1549525C00D9700F45B07 /* Products */;
			projectDirPath = "";
			projectRoot = "";
			targets = (
				FDD1549325C00D9700F45B07 /* GithubFollowers */,
			);
		};
/* End PBXProject section */

/* Begin PBXResourcesBuildPhase section */
		FDD1549225C00D9700F45B07 /* Resources */ = {
			isa = PBXResourcesBuildPhase;
			buildActionMask = 2147483647;
			files = (
				FDD154A425C00D9E00F45B07 /* LaunchScreen.storyboard in Resources */,
				FDD154A125C00D9E00F45B07 /* Assets.xcassets in Resources */,
			);
			runOnlyForDeploymentPostprocessing = 0;
		};
/* End PBXResourcesBuildPhase section */

/* Begin PBXSourcesBuildPhase section */
		FDD1549025C00D9700F45B07 /* Sources */ = {
			isa = PBXSourcesBuildPhase;
			buildActionMask = 2147483647;
			files = (
				FD2017AB25CAA9620003CE1B /* Constants.swift in Sources */,
				FDD3D26725C28BEE00E16A37 /* GFAlertViewController.swift in Sources */,
				FD7BD7BC25C2D1D3005BEFCD /* Follower.swift in Sources */,
				FDDB9C3425C17DA000BB9A0E /* GFTextField.swift in Sources */,
				FDAEBFF225C919E900F5C45A /* UIHelper.swift in Sources */,
				FD86786625C10C3E00EC67F6 /* SearchViewController.swift in Sources */,
				FD2017A225CA71D70003CE1B /* UserInfoViewController.swift in Sources */,
				FD7BD79D25C2A1FA005BEFCD /* UIViewController+Ext.swift in Sources */,
				FD8FC3B125D4C31600A249D3 /* String+Ext.swift in Sources */,
				FD7BD7A025C2ABE8005BEFCD /* GFAlertView.swift in Sources */,
				FD6F7CB625DA0DD30052E394 /* FavoriteTableViewCell.swift in Sources */,
				FD8FC3AE25D4C2D600A249D3 /* Date+Ext.swift in Sources */,
				FDDB9C2F25C1784C00BB9A0E /* GFButton.swift in Sources */,
				FDAAAFD225D36A5F0073552F /* GFRepoItemViewController.swift in Sources */,
				FD7BD7CA25C41D76005BEFCD /* FollowerCell.swift in Sources */,
				FDAEBFEF25C80BA700F5C45A /* GFCollectionViewSection.swift in Sources */,
				FD6F7CB225D643340052E394 /* PersistanceManager.swift in Sources */,
				FDAAAFD625D3873B0073552F /* GFFollowerItemViewController.swift in Sources */,
				FD7BD7CD25C41DEB005BEFCD /* GFAvatarImageView.swift in Sources */,
				FD7BD7B725C2D190005BEFCD /* User.swift in Sources */,
				FD2017AE25CD1FF10003CE1B /* GFItemInfoView.swift in Sources */,
				FD2017A825CA9C730003CE1B /* GFSecondaryTitleLabel.swift in Sources */,
				FDECBB2B25DA6C3400B68FEB /* GFTabBarController.swift in Sources */,
				FDD3D25C25C26D1000E16A37 /* FollowerListViewController.swift in Sources */,
				FDD3D26225C27A6A00E16A37 /* GFBodyLabel.swift in Sources */,
				FDD3D25F25C278C000E16A37 /* GFTitleLabel.swift in Sources */,
				FD20179E25CA49A40003CE1B /* GFEmptyStateView.swift in Sources */,
				FDD1549825C00D9700F45B07 /* AppDelegate.swift in Sources */,
				FD7BD7C425C401DA005BEFCD /* GFError.swift in Sources */,
				FD7BD7C025C3D592005BEFCD /* NetworkManager.swift in Sources */,
				FD86786925C10CC900EC67F6 /* FavoritesListViewController.swift in Sources */,
				FDE403A225D2354600826CFE /* GFItemInfoViewController.swift in Sources */,
				FDD1549A25C00D9700F45B07 /* SceneDelegate.swift in Sources */,
				FD2017A525CA9C130003CE1B /* GFUserInfoHeaderViewController.swift in Sources */,
			);
			runOnlyForDeploymentPostprocessing = 0;
		};
/* End PBXSourcesBuildPhase section */

/* Begin PBXVariantGroup section */
		FDD154A225C00D9E00F45B07 /* LaunchScreen.storyboard */ = {
			isa = PBXVariantGroup;
			children = (
				FDD154A325C00D9E00F45B07 /* Base */,
			);
			name = LaunchScreen.storyboard;
			sourceTree = "<group>";
		};
/* End PBXVariantGroup section */

/* Begin XCBuildConfiguration section */
		FDD154A625C00D9E00F45B07 /* Debug */ = {
			isa = XCBuildConfiguration;
			buildSettings = {
				ALWAYS_SEARCH_USER_PATHS = NO;
				CLANG_ANALYZER_NONNULL = YES;
				CLANG_ANALYZER_NUMBER_OBJECT_CONVERSION = YES_AGGRESSIVE;
				CLANG_CXX_LANGUAGE_STANDARD = "gnu++14";
				CLANG_CXX_LIBRARY = "libc++";
				CLANG_ENABLE_MODULES = YES;
				CLANG_ENABLE_OBJC_ARC = YES;
				CLANG_ENABLE_OBJC_WEAK = YES;
				CLANG_WARN_BLOCK_CAPTURE_AUTORELEASING = YES;
				CLANG_WARN_BOOL_CONVERSION = YES;
				CLANG_WARN_COMMA = YES;
				CLANG_WARN_CONSTANT_CONVERSION = YES;
				CLANG_WARN_DEPRECATED_OBJC_IMPLEMENTATIONS = YES;
				CLANG_WARN_DIRECT_OBJC_ISA_USAGE = YES_ERROR;
				CLANG_WARN_DOCUMENTATION_COMMENTS = YES;
				CLANG_WARN_EMPTY_BODY = YES;
				CLANG_WARN_ENUM_CONVERSION = YES;
				CLANG_WARN_INFINITE_RECURSION = YES;
				CLANG_WARN_INT_CONVERSION = YES;
				CLANG_WARN_NON_LITERAL_NULL_CONVERSION = YES;
				CLANG_WARN_OBJC_IMPLICIT_RETAIN_SELF = YES;
				CLANG_WARN_OBJC_LITERAL_CONVERSION = YES;
				CLANG_WARN_OBJC_ROOT_CLASS = YES_ERROR;
				CLANG_WARN_QUOTED_INCLUDE_IN_FRAMEWORK_HEADER = YES;
				CLANG_WARN_RANGE_LOOP_ANALYSIS = YES;
				CLANG_WARN_STRICT_PROTOTYPES = YES;
				CLANG_WARN_SUSPICIOUS_MOVE = YES;
				CLANG_WARN_UNGUARDED_AVAILABILITY = YES_AGGRESSIVE;
				CLANG_WARN_UNREACHABLE_CODE = YES;
				CLANG_WARN__DUPLICATE_METHOD_MATCH = YES;
				COPY_PHASE_STRIP = NO;
				DEBUG_INFORMATION_FORMAT = dwarf;
				ENABLE_STRICT_OBJC_MSGSEND = YES;
				ENABLE_TESTABILITY = YES;
				GCC_C_LANGUAGE_STANDARD = gnu11;
				GCC_DYNAMIC_NO_PIC = NO;
				GCC_NO_COMMON_BLOCKS = YES;
				GCC_OPTIMIZATION_LEVEL = 0;
				GCC_PREPROCESSOR_DEFINITIONS = (
					"DEBUG=1",
					"$(inherited)",
				);
				GCC_WARN_64_TO_32_BIT_CONVERSION = YES;
				GCC_WARN_ABOUT_RETURN_TYPE = YES_ERROR;
				GCC_WARN_UNDECLARED_SELECTOR = YES;
				GCC_WARN_UNINITIALIZED_AUTOS = YES_AGGRESSIVE;
				GCC_WARN_UNUSED_FUNCTION = YES;
				GCC_WARN_UNUSED_VARIABLE = YES;
				IPHONEOS_DEPLOYMENT_TARGET = 14.3;
				MTL_ENABLE_DEBUG_INFO = INCLUDE_SOURCE;
				MTL_FAST_MATH = YES;
				ONLY_ACTIVE_ARCH = YES;
				SDKROOT = iphoneos;
				SWIFT_ACTIVE_COMPILATION_CONDITIONS = DEBUG;
				SWIFT_OPTIMIZATION_LEVEL = "-Onone";
			};
			name = Debug;
		};
		FDD154A725C00D9E00F45B07 /* Release */ = {
			isa = XCBuildConfiguration;
			buildSettings = {
				ALWAYS_SEARCH_USER_PATHS = NO;
				CLANG_ANALYZER_NONNULL = YES;
				CLANG_ANALYZER_NUMBER_OBJECT_CONVERSION = YES_AGGRESSIVE;
				CLANG_CXX_LANGUAGE_STANDARD = "gnu++14";
				CLANG_CXX_LIBRARY = "libc++";
				CLANG_ENABLE_MODULES = YES;
				CLANG_ENABLE_OBJC_ARC = YES;
				CLANG_ENABLE_OBJC_WEAK = YES;
				CLANG_WARN_BLOCK_CAPTURE_AUTORELEASING = YES;
				CLANG_WARN_BOOL_CONVERSION = YES;
				CLANG_WARN_COMMA = YES;
				CLANG_WARN_CONSTANT_CONVERSION = YES;
				CLANG_WARN_DEPRECATED_OBJC_IMPLEMENTATIONS = YES;
				CLANG_WARN_DIRECT_OBJC_ISA_USAGE = YES_ERROR;
				CLANG_WARN_DOCUMENTATION_COMMENTS = YES;
				CLANG_WARN_EMPTY_BODY = YES;
				CLANG_WARN_ENUM_CONVERSION = YES;
				CLANG_WARN_INFINITE_RECURSION = YES;
				CLANG_WARN_INT_CONVERSION = YES;
				CLANG_WARN_NON_LITERAL_NULL_CONVERSION = YES;
				CLANG_WARN_OBJC_IMPLICIT_RETAIN_SELF = YES;
				CLANG_WARN_OBJC_LITERAL_CONVERSION = YES;
				CLANG_WARN_OBJC_ROOT_CLASS = YES_ERROR;
				CLANG_WARN_QUOTED_INCLUDE_IN_FRAMEWORK_HEADER = YES;
				CLANG_WARN_RANGE_LOOP_ANALYSIS = YES;
				CLANG_WARN_STRICT_PROTOTYPES = YES;
				CLANG_WARN_SUSPICIOUS_MOVE = YES;
				CLANG_WARN_UNGUARDED_AVAILABILITY = YES_AGGRESSIVE;
				CLANG_WARN_UNREACHABLE_CODE = YES;
				CLANG_WARN__DUPLICATE_METHOD_MATCH = YES;
				COPY_PHASE_STRIP = NO;
				DEBUG_INFORMATION_FORMAT = "dwarf-with-dsym";
				ENABLE_NS_ASSERTIONS = NO;
				ENABLE_STRICT_OBJC_MSGSEND = YES;
				GCC_C_LANGUAGE_STANDARD = gnu11;
				GCC_NO_COMMON_BLOCKS = YES;
				GCC_WARN_64_TO_32_BIT_CONVERSION = YES;
				GCC_WARN_ABOUT_RETURN_TYPE = YES_ERROR;
				GCC_WARN_UNDECLARED_SELECTOR = YES;
				GCC_WARN_UNINITIALIZED_AUTOS = YES_AGGRESSIVE;
				GCC_WARN_UNUSED_FUNCTION = YES;
				GCC_WARN_UNUSED_VARIABLE = YES;
				IPHONEOS_DEPLOYMENT_TARGET = 14.3;
				MTL_ENABLE_DEBUG_INFO = NO;
				MTL_FAST_MATH = YES;
				SDKROOT = iphoneos;
				SWIFT_COMPILATION_MODE = wholemodule;
				SWIFT_OPTIMIZATION_LEVEL = "-O";
				VALIDATE_PRODUCT = YES;
			};
			name = Release;
		};
		FDD154A925C00D9E00F45B07 /* Debug */ = {
			isa = XCBuildConfiguration;
			buildSettings = {
				ASSETCATALOG_COMPILER_APPICON_NAME = AppIcon;
				ASSETCATALOG_COMPILER_GLOBAL_ACCENT_COLOR_NAME = AccentColor;
				CODE_SIGN_STYLE = Automatic;
				DEVELOPMENT_TEAM = GW39W7Y4AY;
				INFOPLIST_FILE = GithubFollowers/Core/Plists/Info.plist;
				LD_RUNPATH_SEARCH_PATHS = (
					"$(inherited)",
					"@executable_path/Frameworks",
				);
				PRODUCT_BUNDLE_IDENTIFIER = com.arnaudderosin.GithubFollowers;
				PRODUCT_NAME = "$(TARGET_NAME)";
				SWIFT_VERSION = 5.0;
				TARGETED_DEVICE_FAMILY = 1;
			};
			name = Debug;
		};
		FDD154AA25C00D9E00F45B07 /* Release */ = {
			isa = XCBuildConfiguration;
			buildSettings = {
				ASSETCATALOG_COMPILER_APPICON_NAME = AppIcon;
				ASSETCATALOG_COMPILER_GLOBAL_ACCENT_COLOR_NAME = AccentColor;
				CODE_SIGN_STYLE = Automatic;
				DEVELOPMENT_TEAM = GW39W7Y4AY;
				INFOPLIST_FILE = GithubFollowers/Core/Plists/Info.plist;
				LD_RUNPATH_SEARCH_PATHS = (
					"$(inherited)",
					"@executable_path/Frameworks",
				);
				PRODUCT_BUNDLE_IDENTIFIER = com.arnaudderosin.GithubFollowers;
				PRODUCT_NAME = "$(TARGET_NAME)";
				SWIFT_VERSION = 5.0;
				TARGETED_DEVICE_FAMILY = 1;
			};
			name = Release;
		};
/* End XCBuildConfiguration section */

/* Begin XCConfigurationList section */
		FDD1548F25C00D9700F45B07 /* Build configuration list for PBXProject "GithubFollowers" */ = {
			isa = XCConfigurationList;
			buildConfigurations = (
				FDD154A625C00D9E00F45B07 /* Debug */,
				FDD154A725C00D9E00F45B07 /* Release */,
			);
			defaultConfigurationIsVisible = 0;
			defaultConfigurationName = Release;
		};
		FDD154A825C00D9E00F45B07 /* Build configuration list for PBXNativeTarget "GithubFollowers" */ = {
			isa = XCConfigurationList;
			buildConfigurations = (
				FDD154A925C00D9E00F45B07 /* Debug */,
				FDD154AA25C00D9E00F45B07 /* Release */,
			);
			defaultConfigurationIsVisible = 0;
			defaultConfigurationName = Release;
		};
/* End XCConfigurationList section */
	};
	rootObject = FDD1548C25C00D9700F45B07 /* Project object */;
}
